<?xml version="1.0" encoding="UTF-8" standalone="yes" ?>
<CodeBlocks_project_file>
	<FileVersion major="1" minor="6" />
	<Project>
		<Option title="ProjectEuler" />
		<Option pch_mode="2" />
		<Option compiler="gcc" />
		<Option virtualFolders="Sources\;" />
		<Build>
			<Target title="Debug">
				<Option output="bin/Debug/ProjectEuler" prefix_auto="1" extension_auto="1" />
				<Option object_output="obj/Debug/" />
				<Option type="1" />
				<Option compiler="gcc" />
				<Compiler>
					<Add option="-Wall" />
					<Add option="-g" />
				</Compiler>
			</Target>
			<Target title="Release">
				<Option output="bin/Release/ProjectEuler" prefix_auto="1" extension_auto="1" />
				<Option object_output="obj/Release/" />
				<Option type="1" />
				<Option compiler="gcc" />
				<Compiler>
					<Add option="-O2" />
				</Compiler>
				<Linker>
					<Add option="-s" />
				</Linker>
			</Target>
		</Build>
		<Compiler>
			<Add option="-Wall" />
			<Add option="-fexceptions" />
		</Compiler>
		<Unit filename="include/Date.h" />
		<Unit filename="include/Problem10.h" />
		<Unit filename="include/Problem11.h" />
		<Unit filename="include/Problem12.h" />
		<Unit filename="include/Problem14.h" />
		<Unit filename="include/Problem15.h" />
		<Unit filename="include/Problem18.h" />
		<Unit filename="include/Problem19.h" />
		<Unit filename="include/Problem2.h" />
		<Unit filename="include/Problem3.h" />
		<Unit filename="include/Problem4.h" />
		<Unit filename="include/Problem5.h" />
		<Unit filename="include/Problem67.h" />
		<Unit filename="include/Problem7.h" />
		<Unit filename="include/Problem8.h" />
		<Unit filename="include/Problem9.h" />
		<Unit filename="main.cpp">
			<Option virtualFolder="Sources/" />
		</Unit>
		<Unit filename="src/Date.cpp" />
		<Unit filename="src/Problem10.cpp" />
		<Unit filename="src/Problem11.cpp" />
		<Unit filename="src/Problem12.cpp" />
		<Unit filename="src/Problem14.cpp" />
		<Unit filename="src/Problem15.cpp" />
		<Unit filename="src/Problem18.cpp" />
		<Unit filename="src/Problem19.cpp" />
		<Unit filename="src/Problem2.cpp" />
		<Unit filename="src/Problem3.cpp" />
		<Unit filename="src/Problem4.cpp" />
		<Unit filename="src/Problem5.cpp" />
		<Unit filename="src/Problem67.cpp" />
		<Unit filename="src/Problem7.cpp" />
		<Unit filename="src/Problem8.cpp" />
		<Unit filename="src/Problem9.cpp" />
		<Extensions>
			<code_completion />
			<envvars />
			<debugger />
			<lib_finder disable_auto="1" />
			<DoxyBlocks>
				<comment_style block="0" line="0" />
				<doxyfile_project />
				<doxyfile_build />
				<doxyfile_warnings />
				<doxyfile_output />
				<doxyfile_dot />
				<general />
			</DoxyBlocks>
		</Extensions>
	</Project>
</CodeBlocks_project_file>
